
Microsoft Visual Studio Solution File, Format Version 12.00
# Visual Studio Version 16
VisualStudioVersion = 16.0.32602.291
MinimumVisualStudioVersion = 10.0.40219.1
Project("{FAE04EC0-301F-11D3-BF4B-00C04F79EFBC}") = "chunkUploadTest", "chunkUploadTest\chunkUploadTest.csproj", "{53992003-C51F-427B-823A-8B4E37C44BA2}"
EndProject
Global
	GlobalSection(SolutionConfigurationPlatforms) = preSolution
		Debug|Any CPU = Debug|Any CPU
		Release|Any CPU = Release|Any CPU
	EndGlobalSection
	GlobalSection(ProjectConfigurationPlatforms) = postSolution
		{53992003-C51F-427B-823A-8B4E37C44BA2}.Debug|Any CPU.ActiveCfg = Debug|Any CPU
		{53992003-C51F-427B-823A-8B4E37C44BA2}.Debug|Any CPU.Build.0 = Debug|Any CPU
		{53992003-C51F-427B-823A-8B4E37C44BA2}.Release|Any CPU.ActiveCfg = Release|Any CPU
		{53992003-C51F-427B-823A-8B4E37C44BA2}.Release|Any CPU.Build.0 = Release|Any CPU
	EndGlobalSection
	GlobalSection(SolutionProperties) = preSolution
		HideSolutionNode = FALSE
	EndGlobalSection
	GlobalSection(ExtensibilityGlobals) = postSolution
		SolutionGuid = {C4C74AA2-7AC7-4874-B6C5-0D723B917E04}
	EndGlobalSection
EndGlobal
